
Microsoft Visual Studio Solution File, Format Version 12.00
# Visual Studio Version 16
VisualStudioVersion = 16.0.29519.181
MinimumVisualStudioVersion = 10.0.40219.1
Project("{F184B08F-C81C-45F6-A57F-5ABD9991F28F}") = "Counting", "Counting\Counting.vbproj", "{28C3673C-0C13-4878-B263-0B58392C09E6}"
EndProject
Global
	GlobalSection(SolutionConfigurationPlatforms) = preSolution
		Debug|Any CPU = Debug|Any CPU
		Release|Any CPU = Release|Any CPU
	EndGlobalSection
	GlobalSection(ProjectConfigurationPlatforms) = postSolution
		{28C3673C-0C13-4878-B263-0B58392C09E6}.Debug|Any CPU.ActiveCfg = Debug|Any CPU
		{28C3673C-0C13-4878-B263-0B58392C09E6}.Debug|Any CPU.Build.0 = Debug|Any CPU
		{28C3673C-0C13-4878-B263-0B58392C09E6}.Release|Any CPU.ActiveCfg = Release|Any CPU
		{28C3673C-0C13-4878-B263-0B58392C09E6}.Release|Any CPU.Build.0 = Release|Any CPU
	EndGlobalSection
	GlobalSection(SolutionProperties) = preSolution
		HideSolutionNode = FALSE
	EndGlobalSection
	GlobalSection(ExtensibilityGlobals) = postSolution
		SolutionGuid = {D26531D8-467E-4721-B7AF-67FC5119E0D9}
	EndGlobalSection
EndGlobal
