
Microsoft Visual Studio Solution File, Format Version 12.00
# Visual Studio Version 16
VisualStudioVersion = 16.0.29519.181
MinimumVisualStudioVersion = 10.0.40219.1
Project("{F184B08F-C81C-45F6-A57F-5ABD9991F28F}") = "Car Application", "Car Application\Car Application.vbproj", "{EE1AFA61-2F8F-4BC5-BAE5-B317ADC89021}"
EndProject
Global
	GlobalSection(SolutionConfigurationPlatforms) = preSolution
		Debug|Any CPU = Debug|Any CPU
		Release|Any CPU = Release|Any CPU
	EndGlobalSection
	GlobalSection(ProjectConfigurationPlatforms) = postSolution
		{EE1AFA61-2F8F-4BC5-BAE5-B317ADC89021}.Debug|Any CPU.ActiveCfg = Debug|Any CPU
		{EE1AFA61-2F8F-4BC5-BAE5-B317ADC89021}.Debug|Any CPU.Build.0 = Debug|Any CPU
		{EE1AFA61-2F8F-4BC5-BAE5-B317ADC89021}.Release|Any CPU.ActiveCfg = Release|Any CPU
		{EE1AFA61-2F8F-4BC5-BAE5-B317ADC89021}.Release|Any CPU.Build.0 = Release|Any CPU
	EndGlobalSection
	GlobalSection(SolutionProperties) = preSolution
		HideSolutionNode = FALSE
	EndGlobalSection
	GlobalSection(ExtensibilityGlobals) = postSolution
		SolutionGuid = {6A93A089-BDEA-4AFE-9BDE-DE6800CD6354}
	EndGlobalSection
EndGlobal
